// !$*UTF8*$!
{
	archiveVersion = 1;
	classes = {
	};
	objectVersion = 46;
	objects = {

/* Begin PBXBuildFile section */
		1F371E7B1DEE297A00199986 /* main.m in Sources */ = {isa = PBXBuildFile; fileRef = 1F371E7A1DEE297A00199986 /* main.m */; };
		1F371E7E1DEE297A00199986 /* AppDelegate.m in Sources */ = {isa = PBXBuildFile; fileRef = 1F371E7D1DEE297A00199986 /* AppDelegate.m */; };
		1F371E841DEE297A00199986 /* Main.storyboard in Resources */ = {isa = PBXBuildFile; fileRef = 1F371E821DEE297A00199986 /* Main.storyboard */; };
		1F371E861DEE297A00199986 /* Assets.xcassets in Resources */ = {isa = PBXBuildFile; fileRef = 1F371E851DEE297A00199986 /* Assets.xcassets */; };
		1F371E891DEE297A00199986 /* LaunchScreen.storyboard in Resources */ = {isa = PBXBuildFile; fileRef = 1F371E871DEE297A00199986 /* LaunchScreen.storyboard */; };
		1F371E941DEE2AF600199986 /* OJCLibrary.m in Sources */ = {isa = PBXBuildFile; fileRef = 1F371E931DEE2AF600199986 /* OJCLibrary.m */; };
		1F371E981DEE2EA300199986 /* OJCLibrariesNetworkController.m in Sources */ = {isa = PBXBuildFile; fileRef = 1F371E971DEE2EA300199986 /* OJCLibrariesNetworkController.m */; };
		1F371E9C1DEE43AB00199986 /* OJCSearchController.m in Sources */ = {isa = PBXBuildFile; fileRef = 1F371E9B1DEE43AB00199986 /* OJCSearchController.m */; };
/* End PBXBuildFile section */

/* Begin PBXFileReference section */
		1F371E761DEE297A00199986 /* LibrariesObjC.app */ = {isa = PBXFileReference; explicitFileType = wrapper.application; includeInIndex = 0; path = LibrariesObjC.app; sourceTree = BUILT_PRODUCTS_DIR; };
		1F371E7A1DEE297A00199986 /* main.m */ = {isa = PBXFileReference; lastKnownFileType = sourcecode.c.objc; path = main.m; sourceTree = "<group>"; };
		1F371E7C1DEE297A00199986 /* AppDelegate.h */ = {isa = PBXFileReference; lastKnownFileType = sourcecode.c.h; path = AppDelegate.h; sourceTree = "<group>"; };
		1F371E7D1DEE297A00199986 /* AppDelegate.m */ = {isa = PBXFileReference; lastKnownFileType = sourcecode.c.objc; path = AppDelegate.m; sourceTree = "<group>"; };
		1F371E831DEE297A00199986 /* Base */ = {isa = PBXFileReference; lastKnownFileType = file.storyboard; name = Base; path = Base.lproj/Main.storyboard; sourceTree = "<group>"; };
		1F371E851DEE297A00199986 /* Assets.xcassets */ = {isa = PBXFileReference; lastKnownFileType = folder.assetcatalog; path = Assets.xcassets; sourceTree = "<group>"; };
		1F371E881DEE297A00199986 /* Base */ = {isa = PBXFileReference; lastKnownFileType = file.storyboard; name = Base; path = Base.lproj/LaunchScreen.storyboard; sourceTree = "<group>"; };
		1F371E8A1DEE297A00199986 /* Info.plist */ = {isa = PBXFileReference; lastKnownFileType = text.plist.xml; path = Info.plist; sourceTree = "<group>"; };
		1F371E921DEE2AF600199986 /* OJCLibrary.h */ = {isa = PBXFileReference; fileEncoding = 4; lastKnownFileType = sourcecode.c.h; path = OJCLibrary.h; sourceTree = "<group>"; };
		1F371E931DEE2AF600199986 /* OJCLibrary.m */ = {isa = PBXFileReference; fileEncoding = 4; lastKnownFileType = sourcecode.c.objc; path = OJCLibrary.m; sourceTree = "<group>"; };
		1F371E961DEE2EA300199986 /* OJCLibrariesNetworkController.h */ = {isa = PBXFileReference; fileEncoding = 4; lastKnownFileType = sourcecode.c.h; path = OJCLibrariesNetworkController.h; sourceTree = "<group>"; };
		1F371E971DEE2EA300199986 /* OJCLibrariesNetworkController.m */ = {isa = PBXFileReference; fileEncoding = 4; lastKnownFileType = sourcecode.c.objc; path = OJCLibrariesNetworkController.m; sourceTree = "<group>"; };
		1F371E9A1DEE43AB00199986 /* OJCSearchController.h */ = {isa = PBXFileReference; fileEncoding = 4; lastKnownFileType = sourcecode.c.h; path = OJCSearchController.h; sourceTree = "<group>"; };
		1F371E9B1DEE43AB00199986 /* OJCSearchController.m */ = {isa = PBXFileReference; fileEncoding = 4; lastKnownFileType = sourcecode.c.objc; path = OJCSearchController.m; sourceTree = "<group>"; };
/* End PBXFileReference section */

/* Begin PBXFrameworksBuildPhase section */
		1F371E731DEE297A00199986 /* Frameworks */ = {
			isa = PBXFrameworksBuildPhase;
			buildActionMask = 2147483647;
			files = (
			);
			runOnlyForDeploymentPostprocessing = 0;
		};
/* End PBXFrameworksBuildPhase section */

/* Begin PBXGroup section */
		1F371E6D1DEE297A00199986 = {
			isa = PBXGroup;
			children = (
				1F371E781DEE297A00199986 /* LibrariesObjC */,
				1F371E771DEE297A00199986 /* Products */,
			);
			sourceTree = "<group>";
		};
		1F371E771DEE297A00199986 /* Products */ = {
			isa = PBXGroup;
			children = (
				1F371E761DEE297A00199986 /* LibrariesObjC.app */,
			);
			name = Products;
			sourceTree = "<group>";
		};
		1F371E781DEE297A00199986 /* LibrariesObjC */ = {
			isa = PBXGroup;
			children = (
				1F371E7C1DEE297A00199986 /* AppDelegate.h */,
				1F371E7D1DEE297A00199986 /* AppDelegate.m */,
				1F371E951DEE2AFC00199986 /* Model */,
				1F371E991DEE2EA800199986 /* OtherController */,
				1F371E901DEE298A00199986 /* Resources */,
				1F371E791DEE297A00199986 /* Supporting Files */,
			);
			path = LibrariesObjC;
			sourceTree = "<group>";
		};
		1F371E791DEE297A00199986 /* Supporting Files */ = {
			isa = PBXGroup;
			children = (
				1F371E7A1DEE297A00199986 /* main.m */,
			);
			name = "Supporting Files";
			sourceTree = "<group>";
		};
		1F371E901DEE298A00199986 /* Resources */ = {
			isa = PBXGroup;
			children = (
				1F371E851DEE297A00199986 /* Assets.xcassets */,
				1F371E8A1DEE297A00199986 /* Info.plist */,
				1F371E911DEE299100199986 /* Storybords */,
			);
			name = Resources;
			sourceTree = "<group>";
		};
		1F371E911DEE299100199986 /* Storybords */ = {
			isa = PBXGroup;
			children = (
				1F371E871DEE297A00199986 /* LaunchScreen.storyboard */,
				1F371E821DEE297A00199986 /* Main.storyboard */,
			);
			name = Storybords;
			sourceTree = "<group>";
		};
		1F371E951DEE2AFC00199986 /* Model */ = {
			isa = PBXGroup;
			children = (
				1F371E921DEE2AF600199986 /* OJCLibrary.h */,
				1F371E931DEE2AF600199986 /* OJCLibrary.m */,
			);
			name = Model;
			sourceTree = "<group>";
		};
		1F371E991DEE2EA800199986 /* OtherController */ = {
			isa = PBXGroup;
			children = (
				1F371E961DEE2EA300199986 /* OJCLibrariesNetworkController.h */,
				1F371E971DEE2EA300199986 /* OJCLibrariesNetworkController.m */,
				1F371E9A1DEE43AB00199986 /* OJCSearchController.h */,
				1F371E9B1DEE43AB00199986 /* OJCSearchController.m */,
			);
			name = OtherController;
			sourceTree = "<group>";
		};
/* End PBXGroup section */

/* Begin PBXNativeTarget section */
		1F371E751DEE297A00199986 /* LibrariesObjC */ = {
			isa = PBXNativeTarget;
			buildConfigurationList = 1F371E8D1DEE297A00199986 /* Build configuration list for PBXNativeTarget "LibrariesObjC" */;
			buildPhases = (
				1F371E721DEE297A00199986 /* Sources */,
				1F371E731DEE297A00199986 /* Frameworks */,
				1F371E741DEE297A00199986 /* Resources */,
			);
			buildRules = (
			);
			dependencies = (
			);
			name = LibrariesObjC;
			productName = LibrariesObjC;
			productReference = 1F371E761DEE297A00199986 /* LibrariesObjC.app */;
			productType = "com.apple.product-type.application";
		};
/* End PBXNativeTarget section */

/* Begin PBXProject section */
		1F371E6E1DEE297A00199986 /* Project object */ = {
			isa = PBXProject;
			attributes = {
				LastUpgradeCheck = 0810;
				ORGANIZATIONNAME = JeffCryst;
				TargetAttributes = {
					1F371E751DEE297A00199986 = {
						CreatedOnToolsVersion = 8.1;
						DevelopmentTeam = A6ASF988U5;
						ProvisioningStyle = Automatic;
					};
				};
			};
			buildConfigurationList = 1F371E711DEE297A00199986 /* Build configuration list for PBXProject "LibrariesObjC" */;
			compatibilityVersion = "Xcode 3.2";
			developmentRegion = English;
			hasScannedForEncodings = 0;
			knownRegions = (
				en,
				Base,
			);
			mainGroup = 1F371E6D1DEE297A00199986;
			productRefGroup = 1F371E771DEE297A00199986 /* Products */;
			projectDirPath = "";
			projectRoot = "";
			targets = (
				1F371E751DEE297A00199986 /* LibrariesObjC */,
			);
		};
/* End PBXProject section */

/* Begin PBXResourcesBuildPhase section */
		1F371E741DEE297A00199986 /* Resources */ = {
			isa = PBXResourcesBuildPhase;
			buildActionMask = 2147483647;
			files = (
				1F371E891DEE297A00199986 /* LaunchScreen.storyboard in Resources */,
				1F371E861DEE297A00199986 /* Assets.xcassets in Resources */,
				1F371E841DEE297A00199986 /* Main.storyboard in Resources */,
			);
			runOnlyForDeploymentPostprocessing = 0;
		};
/* End PBXResourcesBuildPhase section */

/* Begin PBXSourcesBuildPhase section */
		1F371E721DEE297A00199986 /* Sources */ = {
			isa = PBXSourcesBuildPhase;
			buildActionMask = 2147483647;
			files = (
				1F371E7E1DEE297A00199986 /* AppDelegate.m in Sources */,
				1F371E9C1DEE43AB00199986 /* OJCSearchController.m in Sources */,
				1F371E981DEE2EA300199986 /* OJCLibrariesNetworkController.m in Sources */,
				1F371E941DEE2AF600199986 /* OJCLibrary.m in Sources */,
				1F371E7B1DEE297A00199986 /* main.m in Sources */,
			);
			runOnlyForDeploymentPostprocessing = 0;
		};
/* End PBXSourcesBuildPhase section */

/* Begin PBXVariantGroup section */
		1F371E821DEE297A00199986 /* Main.storyboard */ = {
			isa = PBXVariantGroup;
			children = (
				1F371E831DEE297A00199986 /* Base */,
			);
			name = Main.storyboard;
			sourceTree = "<group>";
		};
		1F371E871DEE297A00199986 /* LaunchScreen.storyboard */ = {
			isa = PBXVariantGroup;
			children = (
				1F371E881DEE297A00199986 /* Base */,
			);
			name = LaunchScreen.storyboard;
			sourceTree = "<group>";
		};
/* End PBXVariantGroup section */

/* Begin XCBuildConfiguration section */
		1F371E8B1DEE297A00199986 /* Debug */ = {
			isa = XCBuildConfiguration;
			buildSettings = {
				ALWAYS_SEARCH_USER_PATHS = NO;
				CLANG_ANALYZER_NONNULL = YES;
				CLANG_CXX_LANGUAGE_STANDARD = "gnu++0x";
				CLANG_CXX_LIBRARY = "libc++";
				CLANG_ENABLE_MODULES = YES;
				CLANG_ENABLE_OBJC_ARC = YES;
				CLANG_WARN_BOOL_CONVERSION = YES;
				CLANG_WARN_CONSTANT_CONVERSION = YES;
				CLANG_WARN_DIRECT_OBJC_ISA_USAGE = YES_ERROR;
				CLANG_WARN_DOCUMENTATION_COMMENTS = YES;
				CLANG_WARN_EMPTY_BODY = YES;
				CLANG_WARN_ENUM_CONVERSION = YES;
				CLANG_WARN_INFINITE_RECURSION = YES;
				CLANG_WARN_INT_CONVERSION = YES;
				CLANG_WARN_OBJC_ROOT_CLASS = YES_ERROR;
				CLANG_WARN_SUSPICIOUS_MOVES = YES;
				CLANG_WARN_UNREACHABLE_CODE = YES;
				CLANG_WARN__DUPLICATE_METHOD_MATCH = YES;
				"CODE_SIGN_IDENTITY[sdk=iphoneos*]" = "iPhone Developer";
				COPY_PHASE_STRIP = NO;
				DEBUG_INFORMATION_FORMAT = dwarf;
				ENABLE_STRICT_OBJC_MSGSEND = YES;
				ENABLE_TESTABILITY = YES;
				GCC_C_LANGUAGE_STANDARD = gnu99;
				GCC_DYNAMIC_NO_PIC = NO;
				GCC_NO_COMMON_BLOCKS = YES;
				GCC_OPTIMIZATION_LEVEL = 0;
				GCC_PREPROCESSOR_DEFINITIONS = (
					"DEBUG=1",
					"$(inherited)",
				);
				GCC_WARN_64_TO_32_BIT_CONVERSION = YES;
				GCC_WARN_ABOUT_RETURN_TYPE = YES_ERROR;
				GCC_WARN_UNDECLARED_SELECTOR = YES;
				GCC_WARN_UNINITIALIZED_AUTOS = YES_AGGRESSIVE;
				GCC_WARN_UNUSED_FUNCTION = YES;
				GCC_WARN_UNUSED_VARIABLE = YES;
				IPHONEOS_DEPLOYMENT_TARGET = 10.1;
				MTL_ENABLE_DEBUG_INFO = YES;
				ONLY_ACTIVE_ARCH = YES;
				SDKROOT = iphoneos;
				TARGETED_DEVICE_FAMILY = "1,2";
			};
			name = Debug;
		};
		1F371E8C1DEE297A00199986 /* Release */ = {
			isa = XCBuildConfiguration;
			buildSettings = {
				ALWAYS_SEARCH_USER_PATHS = NO;
				CLANG_ANALYZER_NONNULL = YES;
				CLANG_CXX_LANGUAGE_STANDARD = "gnu++0x";
				CLANG_CXX_LIBRARY = "libc++";
				CLANG_ENABLE_MODULES = YES;
				CLANG_ENABLE_OBJC_ARC = YES;
				CLANG_WARN_BOOL_CONVERSION = YES;
				CLANG_WARN_CONSTANT_CONVERSION = YES;
				CLANG_WARN_DIRECT_OBJC_ISA_USAGE = YES_ERROR;
				CLANG_WARN_DOCUMENTATION_COMMENTS = YES;
				CLANG_WARN_EMPTY_BODY = YES;
				CLANG_WARN_ENUM_CONVERSION = YES;
				CLANG_WARN_INFINITE_RECURSION = YES;
				CLANG_WARN_INT_CONVERSION = YES;
				CLANG_WARN_OBJC_ROOT_CLASS = YES_ERROR;
				CLANG_WARN_SUSPICIOUS_MOVES = YES;
				CLANG_WARN_UNREACHABLE_CODE = YES;
				CLANG_WARN__DUPLICATE_METHOD_MATCH = YES;
				"CODE_SIGN_IDENTITY[sdk=iphoneos*]" = "iPhone Developer";
				COPY_PHASE_STRIP = NO;
				DEBUG_INFORMATION_FORMAT = "dwarf-with-dsym";
				ENABLE_NS_ASSERTIONS = NO;
				ENABLE_STRICT_OBJC_MSGSEND = YES;
				GCC_C_LANGUAGE_STANDARD = gnu99;
				GCC_NO_COMMON_BLOCKS = YES;
				GCC_WARN_64_TO_32_BIT_CONVERSION = YES;
				GCC_WARN_ABOUT_RETURN_TYPE = YES_ERROR;
				GCC_WARN_UNDECLARED_SELECTOR = YES;
				GCC_WARN_UNINITIALIZED_AUTOS = YES_AGGRESSIVE;
				GCC_WARN_UNUSED_FUNCTION = YES;
				GCC_WARN_UNUSED_VARIABLE = YES;
				IPHONEOS_DEPLOYMENT_TARGET = 10.1;
				MTL_ENABLE_DEBUG_INFO = NO;
				SDKROOT = iphoneos;
				TARGETED_DEVICE_FAMILY = "1,2";
				VALIDATE_PRODUCT = YES;
			};
			name = Release;
		};
		1F371E8E1DEE297A00199986 /* Debug */ = {
			isa = XCBuildConfiguration;
			buildSettings = {
				ASSETCATALOG_COMPILER_APPICON_NAME = AppIcon;
				DEVELOPMENT_TEAM = A6ASF988U5;
				INFOPLIST_FILE = LibrariesObjC/Info.plist;
				LD_RUNPATH_SEARCH_PATHS = "$(inherited) @executable_path/Frameworks";
				PRODUCT_BUNDLE_IDENTIFIER = com.jeffcryst.LibrariesObjC;
				PRODUCT_NAME = "$(TARGET_NAME)";
			};
			name = Debug;
		};
		1F371E8F1DEE297A00199986 /* Release */ = {
			isa = XCBuildConfiguration;
			buildSettings = {
				ASSETCATALOG_COMPILER_APPICON_NAME = AppIcon;
				DEVELOPMENT_TEAM = A6ASF988U5;
				INFOPLIST_FILE = LibrariesObjC/Info.plist;
				LD_RUNPATH_SEARCH_PATHS = "$(inherited) @executable_path/Frameworks";
				PRODUCT_BUNDLE_IDENTIFIER = com.jeffcryst.LibrariesObjC;
				PRODUCT_NAME = "$(TARGET_NAME)";
			};
			name = Release;
		};
/* End XCBuildConfiguration section */

/* Begin XCConfigurationList section */
		1F371E711DEE297A00199986 /* Build configuration list for PBXProject "LibrariesObjC" */ = {
			isa = XCConfigurationList;
			buildConfigurations = (
				1F371E8B1DEE297A00199986 /* Debug */,
				1F371E8C1DEE297A00199986 /* Release */,
			);
			defaultConfigurationIsVisible = 0;
			defaultConfigurationName = Release;
		};
		1F371E8D1DEE297A00199986 /* Build configuration list for PBXNativeTarget "LibrariesObjC" */ = {
			isa = XCConfigurationList;
			buildConfigurations = (
				1F371E8E1DEE297A00199986 /* Debug */,
				1F371E8F1DEE297A00199986 /* Release */,
			);
			defaultConfigurationIsVisible = 0;
		};
/* End XCConfigurationList section */
	};
	rootObject = 1F371E6E1DEE297A00199986 /* Project object */;
}
